
Microsoft Visual Studio Solution File, Format Version 12.00
# Visual Studio 15
VisualStudioVersion = 15.0.28307.1340
MinimumVisualStudioVersion = 10.0.40219.1
Project("{FAE04EC0-301F-11D3-BF4B-00C04F79EFBC}") = "SqliteManagerWcfService", "SqliteManagerWcfService\SqliteManagerWcfService.csproj", "{F37AED6A-BF95-4DF5-AF55-83AE7FFEE798}"
EndProject
Project("{FAE04EC0-301F-11D3-BF4B-00C04F79EFBC}") = "SqliteManagerWcfServiceTest", "SqliteManagerWcfServiceTest\SqliteManagerWcfServiceTest.csproj", "{8FB7A12A-BDE0-434E-BF84-4F381E0FCC8C}"
	ProjectSection(ProjectDependencies) = postProject
		{F37AED6A-BF95-4DF5-AF55-83AE7FFEE798} = {F37AED6A-BF95-4DF5-AF55-83AE7FFEE798}
	EndProjectSection
EndProject
Global
	GlobalSection(SolutionConfigurationPlatforms) = preSolution
		Debug|Any CPU = Debug|Any CPU
		Release|Any CPU = Release|Any CPU
	EndGlobalSection
	GlobalSection(ProjectConfigurationPlatforms) = postSolution
		{F37AED6A-BF95-4DF5-AF55-83AE7FFEE798}.Debug|Any CPU.ActiveCfg = Debug|Any CPU
		{F37AED6A-BF95-4DF5-AF55-83AE7FFEE798}.Debug|Any CPU.Build.0 = Debug|Any CPU
		{F37AED6A-BF95-4DF5-AF55-83AE7FFEE798}.Release|Any CPU.ActiveCfg = Release|Any CPU
		{F37AED6A-BF95-4DF5-AF55-83AE7FFEE798}.Release|Any CPU.Build.0 = Release|Any CPU
		{8FB7A12A-BDE0-434E-BF84-4F381E0FCC8C}.Debug|Any CPU.ActiveCfg = Debug|Any CPU
		{8FB7A12A-BDE0-434E-BF84-4F381E0FCC8C}.Debug|Any CPU.Build.0 = Debug|Any CPU
		{8FB7A12A-BDE0-434E-BF84-4F381E0FCC8C}.Release|Any CPU.ActiveCfg = Release|Any CPU
		{8FB7A12A-BDE0-434E-BF84-4F381E0FCC8C}.Release|Any CPU.Build.0 = Release|Any CPU
	EndGlobalSection
	GlobalSection(SolutionProperties) = preSolution
		HideSolutionNode = FALSE
	EndGlobalSection
	GlobalSection(ExtensibilityGlobals) = postSolution
		SolutionGuid = {FD069E46-CEB9-4C3E-82BF-2B9E753CA183}
	EndGlobalSection
EndGlobal
